
Microsoft Visual Studio Solution File, Format Version 12.00
# Visual Studio Version 17
VisualStudioVersion = 17.8.34004.107
MinimumVisualStudioVersion = 10.0.40219.1
Project("{FAE04EC0-301F-11D3-BF4B-00C04F79EFBC}") = "KyleJulianDev.Web", "src\Web\KyleJulianDev.Web\KyleJulianDev.Web.csproj", "{E8E38118-5C77-4FD3-8135-D73BDEDA3C65}"
EndProject
Project("{2150E333-8FDC-42A3-9474-1A3956D46DE8}") = "Web", "Web", "{0610A968-CC93-4981-80A4-86601A5EA4E0}"
EndProject
Project("{2150E333-8FDC-42A3-9474-1A3956D46DE8}") = "Api", "Api", "{F30591F9-158B-4C83-84C2-D2CAAF09183C}"
EndProject
Project("{FAE04EC0-301F-11D3-BF4B-00C04F79EFBC}") = "KyleJulianDev.Api", "src\Api\KyleJulianDev.Api\KyleJulianDev.Api.csproj", "{DE531637-CA67-4B35-BA05-FEE14CFD40DD}"
EndProject
Project("{2150E333-8FDC-42A3-9474-1A3956D46DE8}") = "Shared", "Shared", "{D8535F0E-C5F0-4792-8BFA-E6B088B5CB43}"
EndProject
Project("{FAE04EC0-301F-11D3-BF4B-00C04F79EFBC}") = "KyleJulianDev.Shared", "src\Shared\KyleJulianDev.Shared\KyleJulianDev.Shared.csproj", "{AC9AA0A6-1FB5-467A-A0D0-209AEE94B4DC}"
EndProject
Global
	GlobalSection(SolutionConfigurationPlatforms) = preSolution
		Debug|Any CPU = Debug|Any CPU
		Release|Any CPU = Release|Any CPU
	EndGlobalSection
	GlobalSection(ProjectConfigurationPlatforms) = postSolution
		{E8E38118-5C77-4FD3-8135-D73BDEDA3C65}.Debug|Any CPU.ActiveCfg = Debug|Any CPU
		{E8E38118-5C77-4FD3-8135-D73BDEDA3C65}.Debug|Any CPU.Build.0 = Debug|Any CPU
		{E8E38118-5C77-4FD3-8135-D73BDEDA3C65}.Release|Any CPU.ActiveCfg = Release|Any CPU
		{E8E38118-5C77-4FD3-8135-D73BDEDA3C65}.Release|Any CPU.Build.0 = Release|Any CPU
		{DE531637-CA67-4B35-BA05-FEE14CFD40DD}.Debug|Any CPU.ActiveCfg = Debug|Any CPU
		{DE531637-CA67-4B35-BA05-FEE14CFD40DD}.Debug|Any CPU.Build.0 = Debug|Any CPU
		{DE531637-CA67-4B35-BA05-FEE14CFD40DD}.Release|Any CPU.ActiveCfg = Release|Any CPU
		{DE531637-CA67-4B35-BA05-FEE14CFD40DD}.Release|Any CPU.Build.0 = Release|Any CPU
		{AC9AA0A6-1FB5-467A-A0D0-209AEE94B4DC}.Debug|Any CPU.ActiveCfg = Debug|Any CPU
		{AC9AA0A6-1FB5-467A-A0D0-209AEE94B4DC}.Debug|Any CPU.Build.0 = Debug|Any CPU
		{AC9AA0A6-1FB5-467A-A0D0-209AEE94B4DC}.Release|Any CPU.ActiveCfg = Release|Any CPU
		{AC9AA0A6-1FB5-467A-A0D0-209AEE94B4DC}.Release|Any CPU.Build.0 = Release|Any CPU
	EndGlobalSection
	GlobalSection(SolutionProperties) = preSolution
		HideSolutionNode = FALSE
	EndGlobalSection
	GlobalSection(NestedProjects) = preSolution
		{E8E38118-5C77-4FD3-8135-D73BDEDA3C65} = {0610A968-CC93-4981-80A4-86601A5EA4E0}
		{DE531637-CA67-4B35-BA05-FEE14CFD40DD} = {F30591F9-158B-4C83-84C2-D2CAAF09183C}
		{AC9AA0A6-1FB5-467A-A0D0-209AEE94B4DC} = {D8535F0E-C5F0-4792-8BFA-E6B088B5CB43}
	EndGlobalSection
	GlobalSection(ExtensibilityGlobals) = postSolution
		SolutionGuid = {CA2871EE-7E1E-42EE-AD1C-EA2A59732BE8}
	EndGlobalSection
EndGlobal
